// !$*UTF8*$!
{
	archiveVersion = 1;
	classes = {
	};
	objectVersion = 46;
	objects = {

/* Begin PBXBuildFile section */
		E501B6341E82F9EC00B6E8D2 /* TweetCell.swift in Sources */ = {isa = PBXBuildFile; fileRef = E501B6331E82F9EC00B6E8D2 /* TweetCell.swift */; };
		E501B6361E8318FA00B6E8D2 /* TweetDetailViewController.swift in Sources */ = {isa = PBXBuildFile; fileRef = E501B6351E8318FA00B6E8D2 /* TweetDetailViewController.swift */; };
		E515A2C31E803F55004326DA /* AppDelegate.swift in Sources */ = {isa = PBXBuildFile; fileRef = E515A2C21E803F55004326DA /* AppDelegate.swift */; };
		E515A2C81E803F55004326DA /* Main.storyboard in Resources */ = {isa = PBXBuildFile; fileRef = E515A2C61E803F55004326DA /* Main.storyboard */; };
		E515A2CA1E803F55004326DA /* Assets.xcassets in Resources */ = {isa = PBXBuildFile; fileRef = E515A2C91E803F55004326DA /* Assets.xcassets */; };
		E515A2CD1E803F55004326DA /* LaunchScreen.storyboard in Resources */ = {isa = PBXBuildFile; fileRef = E515A2CB1E803F55004326DA /* LaunchScreen.storyboard */; };
		E515A2D51E8052B3004326DA /* tweet.json in Resources */ = {isa = PBXBuildFile; fileRef = E515A2D41E8052B3004326DA /* tweet.json */; };
		E515A2D71E8053F0004326DA /* Tweet.swift in Sources */ = {isa = PBXBuildFile; fileRef = E515A2D61E8053F0004326DA /* Tweet.swift */; };
		E515A2D91E805411004326DA /* User.swift in Sources */ = {isa = PBXBuildFile; fileRef = E515A2D81E805411004326DA /* User.swift */; };
		E515A2DB1E806D0B004326DA /* JSONParser.swift in Sources */ = {isa = PBXBuildFile; fileRef = E515A2DA1E806D0B004326DA /* JSONParser.swift */; };
		E515A2DD1E807818004326DA /* HomeTimelineViewController.swift in Sources */ = {isa = PBXBuildFile; fileRef = E515A2DC1E807818004326DA /* HomeTimelineViewController.swift */; };
		E58C90CC1E8853600075AADF /* UserNibCell.swift in Sources */ = {isa = PBXBuildFile; fileRef = E58C90CA1E8853600075AADF /* UserNibCell.swift */; };
		E58C90CD1E8853600075AADF /* UserNibCell.xib in Resources */ = {isa = PBXBuildFile; fileRef = E58C90CB1E8853600075AADF /* UserNibCell.xib */; };
		E5998E8F1E8361E100847614 /* UserViewController.swift in Sources */ = {isa = PBXBuildFile; fileRef = E5998E8E1E8361E100847614 /* UserViewController.swift */; };
		E5BD1C651E819E9600F67E7B /* API.swift in Sources */ = {isa = PBXBuildFile; fileRef = E5BD1C641E819E9600F67E7B /* API.swift */; };
		E5D9616A1E844DE700D5DF92 /* UIExtensions.swift in Sources */ = {isa = PBXBuildFile; fileRef = E5D961691E844DE700D5DF92 /* UIExtensions.swift */; };
		E5D9616D1E8467DE00D5DF92 /* TweetNibCell.swift in Sources */ = {isa = PBXBuildFile; fileRef = E5D9616B1E8467DE00D5DF92 /* TweetNibCell.swift */; };
		E5D9616E1E8467DE00D5DF92 /* TweetNibCell.xib in Resources */ = {isa = PBXBuildFile; fileRef = E5D9616C1E8467DE00D5DF92 /* TweetNibCell.xib */; };
		E5D961701E84848500D5DF92 /* UserTimelineViewController.swift in Sources */ = {isa = PBXBuildFile; fileRef = E5D9616F1E84848500D5DF92 /* UserTimelineViewController.swift */; };
/* End PBXBuildFile section */

/* Begin PBXFileReference section */
		E501B6331E82F9EC00B6E8D2 /* TweetCell.swift */ = {isa = PBXFileReference; fileEncoding = 4; lastKnownFileType = sourcecode.swift; path = TweetCell.swift; sourceTree = "<group>"; };
		E501B6351E8318FA00B6E8D2 /* TweetDetailViewController.swift */ = {isa = PBXFileReference; fileEncoding = 4; lastKnownFileType = sourcecode.swift; path = TweetDetailViewController.swift; sourceTree = "<group>"; };
		E515A2BF1E803F55004326DA /* TwitterClient.app */ = {isa = PBXFileReference; explicitFileType = wrapper.application; includeInIndex = 0; path = TwitterClient.app; sourceTree = BUILT_PRODUCTS_DIR; };
		E515A2C21E803F55004326DA /* AppDelegate.swift */ = {isa = PBXFileReference; lastKnownFileType = sourcecode.swift; path = AppDelegate.swift; sourceTree = "<group>"; };
		E515A2C71E803F55004326DA /* Base */ = {isa = PBXFileReference; lastKnownFileType = file.storyboard; name = Base; path = Base.lproj/Main.storyboard; sourceTree = "<group>"; };
		E515A2C91E803F55004326DA /* Assets.xcassets */ = {isa = PBXFileReference; lastKnownFileType = folder.assetcatalog; path = Assets.xcassets; sourceTree = "<group>"; };
		E515A2CC1E803F55004326DA /* Base */ = {isa = PBXFileReference; lastKnownFileType = file.storyboard; name = Base; path = Base.lproj/LaunchScreen.storyboard; sourceTree = "<group>"; };
		E515A2CE1E803F55004326DA /* Info.plist */ = {isa = PBXFileReference; lastKnownFileType = text.plist.xml; path = Info.plist; sourceTree = "<group>"; };
		E515A2D41E8052B3004326DA /* tweet.json */ = {isa = PBXFileReference; fileEncoding = 4; lastKnownFileType = text.json; path = tweet.json; sourceTree = SOURCE_ROOT; };
		E515A2D61E8053F0004326DA /* Tweet.swift */ = {isa = PBXFileReference; fileEncoding = 4; lastKnownFileType = sourcecode.swift; path = Tweet.swift; sourceTree = "<group>"; };
		E515A2D81E805411004326DA /* User.swift */ = {isa = PBXFileReference; fileEncoding = 4; lastKnownFileType = sourcecode.swift; path = User.swift; sourceTree = "<group>"; };
		E515A2DA1E806D0B004326DA /* JSONParser.swift */ = {isa = PBXFileReference; fileEncoding = 4; lastKnownFileType = sourcecode.swift; path = JSONParser.swift; sourceTree = "<group>"; };
		E515A2DC1E807818004326DA /* HomeTimelineViewController.swift */ = {isa = PBXFileReference; fileEncoding = 4; lastKnownFileType = sourcecode.swift; path = HomeTimelineViewController.swift; sourceTree = "<group>"; };
		E58C90CA1E8853600075AADF /* UserNibCell.swift */ = {isa = PBXFileReference; fileEncoding = 4; lastKnownFileType = sourcecode.swift; path = UserNibCell.swift; sourceTree = "<group>"; };
		E58C90CB1E8853600075AADF /* UserNibCell.xib */ = {isa = PBXFileReference; fileEncoding = 4; lastKnownFileType = file.xib; path = UserNibCell.xib; sourceTree = "<group>"; };
		E5998E8E1E8361E100847614 /* UserViewController.swift */ = {isa = PBXFileReference; fileEncoding = 4; lastKnownFileType = sourcecode.swift; path = UserViewController.swift; sourceTree = "<group>"; };
		E5BD1C641E819E9600F67E7B /* API.swift */ = {isa = PBXFileReference; fileEncoding = 4; lastKnownFileType = sourcecode.swift; path = API.swift; sourceTree = "<group>"; };
		E5D961691E844DE700D5DF92 /* UIExtensions.swift */ = {isa = PBXFileReference; fileEncoding = 4; lastKnownFileType = sourcecode.swift; path = UIExtensions.swift; sourceTree = "<group>"; };
		E5D9616B1E8467DE00D5DF92 /* TweetNibCell.swift */ = {isa = PBXFileReference; fileEncoding = 4; lastKnownFileType = sourcecode.swift; path = TweetNibCell.swift; sourceTree = "<group>"; };
		E5D9616C1E8467DE00D5DF92 /* TweetNibCell.xib */ = {isa = PBXFileReference; fileEncoding = 4; lastKnownFileType = file.xib; path = TweetNibCell.xib; sourceTree = "<group>"; };
		E5D9616F1E84848500D5DF92 /* UserTimelineViewController.swift */ = {isa = PBXFileReference; fileEncoding = 4; lastKnownFileType = sourcecode.swift; path = UserTimelineViewController.swift; sourceTree = "<group>"; };
/* End PBXFileReference section */

/* Begin PBXFrameworksBuildPhase section */
		E515A2BC1E803F54004326DA /* Frameworks */ = {
			isa = PBXFrameworksBuildPhase;
			buildActionMask = 2147483647;
			files = (
			);
			runOnlyForDeploymentPostprocessing = 0;
		};
/* End PBXFrameworksBuildPhase section */

/* Begin PBXGroup section */
		E515A2B61E803F54004326DA = {
			isa = PBXGroup;
			children = (
				E515A2D41E8052B3004326DA /* tweet.json */,
				E515A2C11E803F55004326DA /* TwitterClient */,
				E515A2C01E803F55004326DA /* Products */,
			);
			sourceTree = "<group>";
		};
		E515A2C01E803F55004326DA /* Products */ = {
			isa = PBXGroup;
			children = (
				E515A2BF1E803F55004326DA /* TwitterClient.app */,
			);
			name = Products;
			sourceTree = "<group>";
		};
		E515A2C11E803F55004326DA /* TwitterClient */ = {
			isa = PBXGroup;
			children = (
				E515A2C21E803F55004326DA /* AppDelegate.swift */,
				E515A2DE1E80898C004326DA /* Model */,
				E5BD1C661E819EA900F67E7B /* View */,
				E515A2DF1E8089C2004326DA /* Controller */,
				E515A2C91E803F55004326DA /* Assets.xcassets */,
				E515A2CB1E803F55004326DA /* LaunchScreen.storyboard */,
				E515A2CE1E803F55004326DA /* Info.plist */,
			);
			path = TwitterClient;
			sourceTree = "<group>";
		};
		E515A2DE1E80898C004326DA /* Model */ = {
			isa = PBXGroup;
			children = (
				E5BD1C641E819E9600F67E7B /* API.swift */,
				E5D961691E844DE700D5DF92 /* UIExtensions.swift */,
				E515A2D61E8053F0004326DA /* Tweet.swift */,
				E515A2DA1E806D0B004326DA /* JSONParser.swift */,
				E515A2D81E805411004326DA /* User.swift */,
			);
			name = Model;
			sourceTree = "<group>";
		};
		E515A2DF1E8089C2004326DA /* Controller */ = {
			isa = PBXGroup;
			children = (
				E5D9616F1E84848500D5DF92 /* UserTimelineViewController.swift */,
				E5998E8E1E8361E100847614 /* UserViewController.swift */,
				E501B6351E8318FA00B6E8D2 /* TweetDetailViewController.swift */,
				E515A2DC1E807818004326DA /* HomeTimelineViewController.swift */,
			);
			name = Controller;
			sourceTree = "<group>";
		};
		E5BD1C661E819EA900F67E7B /* View */ = {
			isa = PBXGroup;
			children = (
				E5D9616B1E8467DE00D5DF92 /* TweetNibCell.swift */,
				E58C90CA1E8853600075AADF /* UserNibCell.swift */,
				E58C90CB1E8853600075AADF /* UserNibCell.xib */,
				E5D9616C1E8467DE00D5DF92 /* TweetNibCell.xib */,
				E515A2C61E803F55004326DA /* Main.storyboard */,
				E501B6331E82F9EC00B6E8D2 /* TweetCell.swift */,
			);
			name = View;
			sourceTree = "<group>";
		};
/* End PBXGroup section */

/* Begin PBXNativeTarget section */
		E515A2BE1E803F54004326DA /* TwitterClient */ = {
			isa = PBXNativeTarget;
			buildConfigurationList = E515A2D11E803F55004326DA /* Build configuration list for PBXNativeTarget "TwitterClient" */;
			buildPhases = (
				E515A2BB1E803F54004326DA /* Sources */,
				E515A2BC1E803F54004326DA /* Frameworks */,
				E515A2BD1E803F54004326DA /* Resources */,
			);
			buildRules = (
			);
			dependencies = (
			);
			name = TwitterClient;
			productName = TwitterClient;
			productReference = E515A2BF1E803F55004326DA /* TwitterClient.app */;
			productType = "com.apple.product-type.application";
		};
/* End PBXNativeTarget section */

/* Begin PBXProject section */
		E515A2B71E803F54004326DA /* Project object */ = {
			isa = PBXProject;
			attributes = {
				LastSwiftUpdateCheck = 0820;
				LastUpgradeCheck = 0820;
				ORGANIZATIONNAME = "Kyle Hillman";
				TargetAttributes = {
					E515A2BE1E803F54004326DA = {
						CreatedOnToolsVersion = 8.2.1;
						DevelopmentTeam = 6ZL2QC28LX;
						ProvisioningStyle = Automatic;
					};
				};
			};
			buildConfigurationList = E515A2BA1E803F54004326DA /* Build configuration list for PBXProject "TwitterClient" */;
			compatibilityVersion = "Xcode 3.2";
			developmentRegion = English;
			hasScannedForEncodings = 0;
			knownRegions = (
				en,
				Base,
			);
			mainGroup = E515A2B61E803F54004326DA;
			productRefGroup = E515A2C01E803F55004326DA /* Products */;
			projectDirPath = "";
			projectRoot = "";
			targets = (
				E515A2BE1E803F54004326DA /* TwitterClient */,
			);
		};
/* End PBXProject section */

/* Begin PBXResourcesBuildPhase section */
		E515A2BD1E803F54004326DA /* Resources */ = {
			isa = PBXResourcesBuildPhase;
			buildActionMask = 2147483647;
			files = (
				E5D9616E1E8467DE00D5DF92 /* TweetNibCell.xib in Resources */,
				E515A2CD1E803F55004326DA /* LaunchScreen.storyboard in Resources */,
				E58C90CD1E8853600075AADF /* UserNibCell.xib in Resources */,
				E515A2CA1E803F55004326DA /* Assets.xcassets in Resources */,
				E515A2C81E803F55004326DA /* Main.storyboard in Resources */,
				E515A2D51E8052B3004326DA /* tweet.json in Resources */,
			);
			runOnlyForDeploymentPostprocessing = 0;
		};
/* End PBXResourcesBuildPhase section */

/* Begin PBXSourcesBuildPhase section */
		E515A2BB1E803F54004326DA /* Sources */ = {
			isa = PBXSourcesBuildPhase;
			buildActionMask = 2147483647;
			files = (
				E5D961701E84848500D5DF92 /* UserTimelineViewController.swift in Sources */,
				E5D9616D1E8467DE00D5DF92 /* TweetNibCell.swift in Sources */,
				E515A2D91E805411004326DA /* User.swift in Sources */,
				E5998E8F1E8361E100847614 /* UserViewController.swift in Sources */,
				E58C90CC1E8853600075AADF /* UserNibCell.swift in Sources */,
				E501B6341E82F9EC00B6E8D2 /* TweetCell.swift in Sources */,
				E5D9616A1E844DE700D5DF92 /* UIExtensions.swift in Sources */,
				E515A2DB1E806D0B004326DA /* JSONParser.swift in Sources */,
				E515A2D71E8053F0004326DA /* Tweet.swift in Sources */,
				E515A2C31E803F55004326DA /* AppDelegate.swift in Sources */,
				E501B6361E8318FA00B6E8D2 /* TweetDetailViewController.swift in Sources */,
				E5BD1C651E819E9600F67E7B /* API.swift in Sources */,
				E515A2DD1E807818004326DA /* HomeTimelineViewController.swift in Sources */,
			);
			runOnlyForDeploymentPostprocessing = 0;
		};
/* End PBXSourcesBuildPhase section */

/* Begin PBXVariantGroup section */
		E515A2C61E803F55004326DA /* Main.storyboard */ = {
			isa = PBXVariantGroup;
			children = (
				E515A2C71E803F55004326DA /* Base */,
			);
			name = Main.storyboard;
			sourceTree = "<group>";
		};
		E515A2CB1E803F55004326DA /* LaunchScreen.storyboard */ = {
			isa = PBXVariantGroup;
			children = (
				E515A2CC1E803F55004326DA /* Base */,
			);
			name = LaunchScreen.storyboard;
			sourceTree = "<group>";
		};
/* End PBXVariantGroup section */

/* Begin XCBuildConfiguration section */
		E515A2CF1E803F55004326DA /* Debug */ = {
			isa = XCBuildConfiguration;
			buildSettings = {
				ALWAYS_SEARCH_USER_PATHS = NO;
				CLANG_ANALYZER_NONNULL = YES;
				CLANG_CXX_LANGUAGE_STANDARD = "gnu++0x";
				CLANG_CXX_LIBRARY = "libc++";
				CLANG_ENABLE_MODULES = YES;
				CLANG_ENABLE_OBJC_ARC = YES;
				CLANG_WARN_BOOL_CONVERSION = YES;
				CLANG_WARN_CONSTANT_CONVERSION = YES;
				CLANG_WARN_DIRECT_OBJC_ISA_USAGE = YES_ERROR;
				CLANG_WARN_DOCUMENTATION_COMMENTS = YES;
				CLANG_WARN_EMPTY_BODY = YES;
				CLANG_WARN_ENUM_CONVERSION = YES;
				CLANG_WARN_INFINITE_RECURSION = YES;
				CLANG_WARN_INT_CONVERSION = YES;
				CLANG_WARN_OBJC_ROOT_CLASS = YES_ERROR;
				CLANG_WARN_SUSPICIOUS_MOVE = YES;
				CLANG_WARN_UNREACHABLE_CODE = YES;
				CLANG_WARN__DUPLICATE_METHOD_MATCH = YES;
				"CODE_SIGN_IDENTITY[sdk=iphoneos*]" = "iPhone Developer";
				COPY_PHASE_STRIP = NO;
				DEBUG_INFORMATION_FORMAT = dwarf;
				ENABLE_STRICT_OBJC_MSGSEND = YES;
				ENABLE_TESTABILITY = YES;
				GCC_C_LANGUAGE_STANDARD = gnu99;
				GCC_DYNAMIC_NO_PIC = NO;
				GCC_NO_COMMON_BLOCKS = YES;
				GCC_OPTIMIZATION_LEVEL = 0;
				GCC_PREPROCESSOR_DEFINITIONS = (
					"DEBUG=1",
					"$(inherited)",
				);
				GCC_WARN_64_TO_32_BIT_CONVERSION = YES;
				GCC_WARN_ABOUT_RETURN_TYPE = YES_ERROR;
				GCC_WARN_UNDECLARED_SELECTOR = YES;
				GCC_WARN_UNINITIALIZED_AUTOS = YES_AGGRESSIVE;
				GCC_WARN_UNUSED_FUNCTION = YES;
				GCC_WARN_UNUSED_VARIABLE = YES;
				IPHONEOS_DEPLOYMENT_TARGET = 10.2;
				MTL_ENABLE_DEBUG_INFO = YES;
				ONLY_ACTIVE_ARCH = YES;
				SDKROOT = iphoneos;
				SWIFT_ACTIVE_COMPILATION_CONDITIONS = DEBUG;
				SWIFT_OPTIMIZATION_LEVEL = "-Onone";
			};
			name = Debug;
		};
		E515A2D01E803F55004326DA /* Release */ = {
			isa = XCBuildConfiguration;
			buildSettings = {
				ALWAYS_SEARCH_USER_PATHS = NO;
				CLANG_ANALYZER_NONNULL = YES;
				CLANG_CXX_LANGUAGE_STANDARD = "gnu++0x";
				CLANG_CXX_LIBRARY = "libc++";
				CLANG_ENABLE_MODULES = YES;
				CLANG_ENABLE_OBJC_ARC = YES;
				CLANG_WARN_BOOL_CONVERSION = YES;
				CLANG_WARN_CONSTANT_CONVERSION = YES;
				CLANG_WARN_DIRECT_OBJC_ISA_USAGE = YES_ERROR;
				CLANG_WARN_DOCUMENTATION_COMMENTS = YES;
				CLANG_WARN_EMPTY_BODY = YES;
				CLANG_WARN_ENUM_CONVERSION = YES;
				CLANG_WARN_INFINITE_RECURSION = YES;
				CLANG_WARN_INT_CONVERSION = YES;
				CLANG_WARN_OBJC_ROOT_CLASS = YES_ERROR;
				CLANG_WARN_SUSPICIOUS_MOVE = YES;
				CLANG_WARN_UNREACHABLE_CODE = YES;
				CLANG_WARN__DUPLICATE_METHOD_MATCH = YES;
				"CODE_SIGN_IDENTITY[sdk=iphoneos*]" = "iPhone Developer";
				COPY_PHASE_STRIP = NO;
				DEBUG_INFORMATION_FORMAT = "dwarf-with-dsym";
				ENABLE_NS_ASSERTIONS = NO;
				ENABLE_STRICT_OBJC_MSGSEND = YES;
				GCC_C_LANGUAGE_STANDARD = gnu99;
				GCC_NO_COMMON_BLOCKS = YES;
				GCC_WARN_64_TO_32_BIT_CONVERSION = YES;
				GCC_WARN_ABOUT_RETURN_TYPE = YES_ERROR;
				GCC_WARN_UNDECLARED_SELECTOR = YES;
				GCC_WARN_UNINITIALIZED_AUTOS = YES_AGGRESSIVE;
				GCC_WARN_UNUSED_FUNCTION = YES;
				GCC_WARN_UNUSED_VARIABLE = YES;
				IPHONEOS_DEPLOYMENT_TARGET = 10.2;
				MTL_ENABLE_DEBUG_INFO = NO;
				SDKROOT = iphoneos;
				SWIFT_OPTIMIZATION_LEVEL = "-Owholemodule";
				VALIDATE_PRODUCT = YES;
			};
			name = Release;
		};
		E515A2D21E803F55004326DA /* Debug */ = {
			isa = XCBuildConfiguration;
			buildSettings = {
				ASSETCATALOG_COMPILER_APPICON_NAME = AppIcon;
				DEVELOPMENT_TEAM = 6ZL2QC28LX;
				INFOPLIST_FILE = TwitterClient/Info.plist;
				LD_RUNPATH_SEARCH_PATHS = "$(inherited) @executable_path/Frameworks";
				PRODUCT_BUNDLE_IDENTIFIER = kylehillman.TwitterClient;
				PRODUCT_NAME = "$(TARGET_NAME)";
				SWIFT_VERSION = 3.0;
				TARGETED_DEVICE_FAMILY = "1,2";
			};
			name = Debug;
		};
		E515A2D31E803F55004326DA /* Release */ = {
			isa = XCBuildConfiguration;
			buildSettings = {
				ASSETCATALOG_COMPILER_APPICON_NAME = AppIcon;
				DEVELOPMENT_TEAM = 6ZL2QC28LX;
				INFOPLIST_FILE = TwitterClient/Info.plist;
				LD_RUNPATH_SEARCH_PATHS = "$(inherited) @executable_path/Frameworks";
				PRODUCT_BUNDLE_IDENTIFIER = kylehillman.TwitterClient;
				PRODUCT_NAME = "$(TARGET_NAME)";
				SWIFT_VERSION = 3.0;
				TARGETED_DEVICE_FAMILY = "1,2";
			};
			name = Release;
		};
/* End XCBuildConfiguration section */

/* Begin XCConfigurationList section */
		E515A2BA1E803F54004326DA /* Build configuration list for PBXProject "TwitterClient" */ = {
			isa = XCConfigurationList;
			buildConfigurations = (
				E515A2CF1E803F55004326DA /* Debug */,
				E515A2D01E803F55004326DA /* Release */,
			);
			defaultConfigurationIsVisible = 0;
			defaultConfigurationName = Release;
		};
		E515A2D11E803F55004326DA /* Build configuration list for PBXNativeTarget "TwitterClient" */ = {
			isa = XCConfigurationList;
			buildConfigurations = (
				E515A2D21E803F55004326DA /* Debug */,
				E515A2D31E803F55004326DA /* Release */,
			);
			defaultConfigurationIsVisible = 0;
			defaultConfigurationName = Release;
		};
/* End XCConfigurationList section */
	};
	rootObject = E515A2B71E803F54004326DA /* Project object */;
}
